
Microsoft Visual Studio Solution File, Format Version 12.00
# Visual Studio Version 17
VisualStudioVersion = 17.0.31912.275
MinimumVisualStudioVersion = 10.0.40219.1
Project("{FAE04EC0-301F-11D3-BF4B-00C04F79EFBC}") = "UserDB", "UserDB\UserDB.csproj", "{CAAF4C02-F2A0-4EF5-AC52-3E28E045750C}"
EndProject
Global
	GlobalSection(SolutionConfigurationPlatforms) = preSolution
		Debug|Any CPU = Debug|Any CPU
		Release|Any CPU = Release|Any CPU
	EndGlobalSection
	GlobalSection(ProjectConfigurationPlatforms) = postSolution
		{CAAF4C02-F2A0-4EF5-AC52-3E28E045750C}.Debug|Any CPU.ActiveCfg = Debug|Any CPU
		{CAAF4C02-F2A0-4EF5-AC52-3E28E045750C}.Debug|Any CPU.Build.0 = Debug|Any CPU
		{CAAF4C02-F2A0-4EF5-AC52-3E28E045750C}.Release|Any CPU.ActiveCfg = Release|Any CPU
		{CAAF4C02-F2A0-4EF5-AC52-3E28E045750C}.Release|Any CPU.Build.0 = Release|Any CPU
	EndGlobalSection
	GlobalSection(SolutionProperties) = preSolution
		HideSolutionNode = FALSE
	EndGlobalSection
	GlobalSection(ExtensibilityGlobals) = postSolution
		SolutionGuid = {4A469361-2527-4BFD-9B38-D50A46AA2290}
	EndGlobalSection
EndGlobal
